
Microsoft Visual Studio Solution File, Format Version 12.00
# Visual Studio Version 17
VisualStudioVersion = 17.14.36109.1
MinimumVisualStudioVersion = 10.0.40219.1
Project("{FAE04EC0-301F-11D3-BF4B-00C04F79EFBC}") = "FrameMES", "FrameMES\FrameMES.csproj", "{510765C1-BD57-46F8-8D72-4E75A1A67F78}"
EndProject
Project("{2150E333-8FDC-42A3-9474-1A3956D46DE8}") = "Common", "Common", "{02EA681E-C7D8-13C7-8484-4AC65E1B71E8}"
EndProject
Project("{FAE04EC0-301F-11D3-BF4B-00C04F79EFBC}") = "MES.Assents", "MES.Assents\MES.Assents.csproj", "{AEA57A83-DA9E-4E7F-8D7B-E02569CF8043}"
EndProject
Global
	GlobalSection(SolutionConfigurationPlatforms) = preSolution
		Debug|Any CPU = Debug|Any CPU
		Release|Any CPU = Release|Any CPU
	EndGlobalSection
	GlobalSection(ProjectConfigurationPlatforms) = postSolution
		{510765C1-BD57-46F8-8D72-4E75A1A67F78}.Debug|Any CPU.ActiveCfg = Debug|Any CPU
		{510765C1-BD57-46F8-8D72-4E75A1A67F78}.Debug|Any CPU.Build.0 = Debug|Any CPU
		{510765C1-BD57-46F8-8D72-4E75A1A67F78}.Release|Any CPU.ActiveCfg = Release|Any CPU
		{510765C1-BD57-46F8-8D72-4E75A1A67F78}.Release|Any CPU.Build.0 = Release|Any CPU
		{AEA57A83-DA9E-4E7F-8D7B-E02569CF8043}.Debug|Any CPU.ActiveCfg = Debug|Any CPU
		{AEA57A83-DA9E-4E7F-8D7B-E02569CF8043}.Debug|Any CPU.Build.0 = Debug|Any CPU
		{AEA57A83-DA9E-4E7F-8D7B-E02569CF8043}.Release|Any CPU.ActiveCfg = Release|Any CPU
		{AEA57A83-DA9E-4E7F-8D7B-E02569CF8043}.Release|Any CPU.Build.0 = Release|Any CPU
	EndGlobalSection
	GlobalSection(SolutionProperties) = preSolution
		HideSolutionNode = FALSE
	EndGlobalSection
	GlobalSection(NestedProjects) = preSolution
		{AEA57A83-DA9E-4E7F-8D7B-E02569CF8043} = {02EA681E-C7D8-13C7-8484-4AC65E1B71E8}
	EndGlobalSection
	GlobalSection(ExtensibilityGlobals) = postSolution
		SolutionGuid = {EEEC3BA2-2DC8-4D07-A338-1675CAAF0661}
	EndGlobalSection
EndGlobal
